
Microsoft Visual Studio Solution File, Format Version 12.00
# Visual Studio 15
VisualStudioVersion = 15.0.28307.102
MinimumVisualStudioVersion = 10.0.40219.1
Project("{2150E333-8FDC-42A3-9474-1A3956D46DE8}") = "Sources", "Sources", "{461AC7D4-6FE4-4DEB-976E-7B0CF8F862E7}"
EndProject
Project("{9A19103F-16F7-4668-BE54-9A1E7A4F7556}") = "Towel", "Sources\Towel\Towel.csproj", "{DCE2E35A-1EB6-4B8E-8A2F-DE0BF05D4CDE}"
EndProject
Project("{2150E333-8FDC-42A3-9474-1A3956D46DE8}") = "Examples", "Examples", "{3FFBF0C3-A7A8-4246-9B21-AE9581E8C17E}"
EndProject
Project("{9A19103F-16F7-4668-BE54-9A1E7A4F7556}") = "Mathematics", "Examples\Mathematics\Mathematics.csproj", "{B2BF10AF-C7BC-45C0-B5BE-E6320C3A788E}"
EndProject
Project("{9A19103F-16F7-4668-BE54-9A1E7A4F7556}") = "Algorithms", "Examples\Algorithms\Algorithms.csproj", "{3036E067-4A60-450C-BD95-4D28AF88EEAA}"
EndProject
Project("{9A19103F-16F7-4668-BE54-9A1E7A4F7556}") = "DataStructures", "Examples\DataStructures\DataStructures.csproj", "{A6291CD8-F96F-45F4-A233-7EB7E5637A8E}"
EndProject
Project("{9A19103F-16F7-4668-BE54-9A1E7A4F7556}") = "Towel.Graphics", "Sources\Towel.Graphics\Towel.Graphics.csproj", "{CE8CB030-E8DB-4628-A30C-BC82B41B74DC}"
EndProject
Project("{9A19103F-16F7-4668-BE54-9A1E7A4F7556}") = "Towel.Physics", "Sources\Towel.Physics\Towel.Physics.csproj", "{C874A215-52FA-4F31-A0B6-7110227E6786}"
EndProject
Project("{2150E333-8FDC-42A3-9474-1A3956D46DE8}") = "Testing", "Testing", "{D7881A58-FA47-4F77-B8ED-C1922261375A}"
EndProject
Project("{9A19103F-16F7-4668-BE54-9A1E7A4F7556}") = "Towel_Testing", "Testing\Towel_Testing\Towel_Testing.csproj", "{7AE7800F-5132-4D82-A9CC-BF7CD1AC850D}"
EndProject
Project("{2150E333-8FDC-42A3-9474-1A3956D46DE8}") = "_Repository Files", "_Repository Files", "{1B54E237-421E-4753-A39C-C1F41F3C5A02}"
	ProjectSection(SolutionItems) = preProject
		.gitignore = .gitignore
		azure-pipelines.yml = azure-pipelines.yml
		LICENSE = LICENSE
		README.md = README.md
	EndProjectSection
EndProject
Project("{FAE04EC0-301F-11D3-BF4B-00C04F79EFBC}") = "Measurements", "Examples\Measurements\Measurements.csproj", "{1BD3AC3A-CEF2-4AEF-8A01-19C60410F861}"
EndProject
Global
	GlobalSection(SolutionConfigurationPlatforms) = preSolution
		Debug|Any CPU = Debug|Any CPU
		Release|Any CPU = Release|Any CPU
	EndGlobalSection
	GlobalSection(ProjectConfigurationPlatforms) = postSolution
		{DCE2E35A-1EB6-4B8E-8A2F-DE0BF05D4CDE}.Debug|Any CPU.ActiveCfg = Debug|Any CPU
		{DCE2E35A-1EB6-4B8E-8A2F-DE0BF05D4CDE}.Debug|Any CPU.Build.0 = Debug|Any CPU
		{DCE2E35A-1EB6-4B8E-8A2F-DE0BF05D4CDE}.Release|Any CPU.ActiveCfg = Release|Any CPU
		{DCE2E35A-1EB6-4B8E-8A2F-DE0BF05D4CDE}.Release|Any CPU.Build.0 = Release|Any CPU
		{B2BF10AF-C7BC-45C0-B5BE-E6320C3A788E}.Debug|Any CPU.ActiveCfg = Debug|Any CPU
		{B2BF10AF-C7BC-45C0-B5BE-E6320C3A788E}.Debug|Any CPU.Build.0 = Debug|Any CPU
		{B2BF10AF-C7BC-45C0-B5BE-E6320C3A788E}.Release|Any CPU.ActiveCfg = Release|Any CPU
		{B2BF10AF-C7BC-45C0-B5BE-E6320C3A788E}.Release|Any CPU.Build.0 = Release|Any CPU
		{3036E067-4A60-450C-BD95-4D28AF88EEAA}.Debug|Any CPU.ActiveCfg = Debug|Any CPU
		{3036E067-4A60-450C-BD95-4D28AF88EEAA}.Debug|Any CPU.Build.0 = Debug|Any CPU
		{3036E067-4A60-450C-BD95-4D28AF88EEAA}.Release|Any CPU.ActiveCfg = Release|Any CPU
		{3036E067-4A60-450C-BD95-4D28AF88EEAA}.Release|Any CPU.Build.0 = Release|Any CPU
		{A6291CD8-F96F-45F4-A233-7EB7E5637A8E}.Debug|Any CPU.ActiveCfg = Debug|Any CPU
		{A6291CD8-F96F-45F4-A233-7EB7E5637A8E}.Debug|Any CPU.Build.0 = Debug|Any CPU
		{A6291CD8-F96F-45F4-A233-7EB7E5637A8E}.Release|Any CPU.ActiveCfg = Release|Any CPU
		{A6291CD8-F96F-45F4-A233-7EB7E5637A8E}.Release|Any CPU.Build.0 = Release|Any CPU
		{CE8CB030-E8DB-4628-A30C-BC82B41B74DC}.Debug|Any CPU.ActiveCfg = Debug|Any CPU
		{CE8CB030-E8DB-4628-A30C-BC82B41B74DC}.Debug|Any CPU.Build.0 = Debug|Any CPU
		{CE8CB030-E8DB-4628-A30C-BC82B41B74DC}.Release|Any CPU.ActiveCfg = Release|Any CPU
		{CE8CB030-E8DB-4628-A30C-BC82B41B74DC}.Release|Any CPU.Build.0 = Release|Any CPU
		{C874A215-52FA-4F31-A0B6-7110227E6786}.Debug|Any CPU.ActiveCfg = Debug|Any CPU
		{C874A215-52FA-4F31-A0B6-7110227E6786}.Debug|Any CPU.Build.0 = Debug|Any CPU
		{C874A215-52FA-4F31-A0B6-7110227E6786}.Release|Any CPU.ActiveCfg = Release|Any CPU
		{C874A215-52FA-4F31-A0B6-7110227E6786}.Release|Any CPU.Build.0 = Release|Any CPU
		{7AE7800F-5132-4D82-A9CC-BF7CD1AC850D}.Debug|Any CPU.ActiveCfg = Debug|Any CPU
		{7AE7800F-5132-4D82-A9CC-BF7CD1AC850D}.Debug|Any CPU.Build.0 = Debug|Any CPU
		{7AE7800F-5132-4D82-A9CC-BF7CD1AC850D}.Release|Any CPU.ActiveCfg = Release|Any CPU
		{7AE7800F-5132-4D82-A9CC-BF7CD1AC850D}.Release|Any CPU.Build.0 = Release|Any CPU
		{1BD3AC3A-CEF2-4AEF-8A01-19C60410F861}.Debug|Any CPU.ActiveCfg = Debug|Any CPU
		{1BD3AC3A-CEF2-4AEF-8A01-19C60410F861}.Debug|Any CPU.Build.0 = Debug|Any CPU
		{1BD3AC3A-CEF2-4AEF-8A01-19C60410F861}.Release|Any CPU.ActiveCfg = Release|Any CPU
		{1BD3AC3A-CEF2-4AEF-8A01-19C60410F861}.Release|Any CPU.Build.0 = Release|Any CPU
	EndGlobalSection
	GlobalSection(SolutionProperties) = preSolution
		HideSolutionNode = FALSE
	EndGlobalSection
	GlobalSection(NestedProjects) = preSolution
		{DCE2E35A-1EB6-4B8E-8A2F-DE0BF05D4CDE} = {461AC7D4-6FE4-4DEB-976E-7B0CF8F862E7}
		{B2BF10AF-C7BC-45C0-B5BE-E6320C3A788E} = {3FFBF0C3-A7A8-4246-9B21-AE9581E8C17E}
		{3036E067-4A60-450C-BD95-4D28AF88EEAA} = {3FFBF0C3-A7A8-4246-9B21-AE9581E8C17E}
		{A6291CD8-F96F-45F4-A233-7EB7E5637A8E} = {3FFBF0C3-A7A8-4246-9B21-AE9581E8C17E}
		{CE8CB030-E8DB-4628-A30C-BC82B41B74DC} = {461AC7D4-6FE4-4DEB-976E-7B0CF8F862E7}
		{C874A215-52FA-4F31-A0B6-7110227E6786} = {461AC7D4-6FE4-4DEB-976E-7B0CF8F862E7}
		{7AE7800F-5132-4D82-A9CC-BF7CD1AC850D} = {D7881A58-FA47-4F77-B8ED-C1922261375A}
		{1BD3AC3A-CEF2-4AEF-8A01-19C60410F861} = {3FFBF0C3-A7A8-4246-9B21-AE9581E8C17E}
	EndGlobalSection
	GlobalSection(ExtensibilityGlobals) = postSolution
		SolutionGuid = {2A91906B-FC15-4030-9A67-D5E8286EBC4F}
	EndGlobalSection
EndGlobal
