
Microsoft Visual Studio Solution File, Format Version 12.00
# Visual Studio Version 16
VisualStudioVersion = 16.0.28803.202
MinimumVisualStudioVersion = 10.0.40219.1
Project("{2150E333-8FDC-42A3-9474-1A3956D46DE8}") = "Sources", "Sources", "{461AC7D4-6FE4-4DEB-976E-7B0CF8F862E7}"
EndProject
Project("{9A19103F-16F7-4668-BE54-9A1E7A4F7556}") = "Towel", "Sources\Towel\Towel.csproj", "{DCE2E35A-1EB6-4B8E-8A2F-DE0BF05D4CDE}"
EndProject
Project("{2150E333-8FDC-42A3-9474-1A3956D46DE8}") = "Examples", "Examples", "{3FFBF0C3-A7A8-4246-9B21-AE9581E8C17E}"
EndProject
Project("{9A19103F-16F7-4668-BE54-9A1E7A4F7556}") = "Mathematics", "Examples\Mathematics\Mathematics.csproj", "{B2BF10AF-C7BC-45C0-B5BE-E6320C3A788E}"
EndProject
Project("{9A19103F-16F7-4668-BE54-9A1E7A4F7556}") = "GraphSearch", "Examples\GraphSearch\GraphSearch.csproj", "{3036E067-4A60-450C-BD95-4D28AF88EEAA}"
EndProject
Project("{9A19103F-16F7-4668-BE54-9A1E7A4F7556}") = "DataStructures", "Examples\DataStructures\DataStructures.csproj", "{A6291CD8-F96F-45F4-A233-7EB7E5637A8E}"
EndProject
Project("{2150E333-8FDC-42A3-9474-1A3956D46DE8}") = "Tools", "Tools", "{D7881A58-FA47-4F77-B8ED-C1922261375A}"
EndProject
Project("{9A19103F-16F7-4668-BE54-9A1E7A4F7556}") = "Towel_Testing", "Tools\Towel_Testing\Towel_Testing.csproj", "{7AE7800F-5132-4D82-A9CC-BF7CD1AC850D}"
EndProject
Project("{9A19103F-16F7-4668-BE54-9A1E7A4F7556}") = "Measurements", "Examples\Measurements\Measurements.csproj", "{1BD3AC3A-CEF2-4AEF-8A01-19C60410F861}"
EndProject
Project("{9A19103F-16F7-4668-BE54-9A1E7A4F7556}") = "Towel_Benchmarking", "Tools\Towel_Benchmarking\Towel_Benchmarking.csproj", "{CEFA125F-39A4-433C-AAED-36B61F7944A7}"
EndProject
Project("{9A19103F-16F7-4668-BE54-9A1E7A4F7556}") = "Towel_Documenting", "Tools\Towel_Documenting\Towel_Documenting.csproj", "{6D530E88-E507-4F83-889C-47FB888021BA}"
EndProject
Project("{9A19103F-16F7-4668-BE54-9A1E7A4F7556}") = "BasicsAndExtensions", "Examples\BasicsAndExtensions\BasicsAndExtensions.csproj", "{F1CA45C1-683F-4820-BC1E-A3B6E703C986}"
EndProject
Project("{9A19103F-16F7-4668-BE54-9A1E7A4F7556}") = "CommandLine", "Examples\CommandLine\CommandLine.csproj", "{102EC2AC-A2CA-44C0-8812-15CC9C6CFFF0}"
EndProject
Project("{9A19103F-16F7-4668-BE54-9A1E7A4F7556}") = "OmnitreeGraphicsDemo", "Examples\OmnitreeGraphicsDemo\OmnitreeGraphicsDemo.csproj", "{E7E2CDFE-EE20-4A15-95A3-B632A7ECD3F8}"
EndProject
Project("{9A19103F-16F7-4668-BE54-9A1E7A4F7556}") = "Towel_Generating", "Tools\Towel_Generating\Towel_Generating.csproj", "{F150D97E-33BB-43C8-8A1D-4FA279E0751C}"
EndProject
Project("{9A19103F-16F7-4668-BE54-9A1E7A4F7556}") = "ConsoleHelpers", "Examples\ConsoleHelpers\ConsoleHelpers.csproj", "{84268336-B88E-4DBA-8CE0-7BA24BFCCA58}"
EndProject
Project("{FAE04EC0-301F-11D3-BF4B-00C04F79EFBC}") = "ValueAttributes", "Examples\ValueAttributes\ValueAttributes.csproj", "{EFC33B0A-7AB9-4D5B-AB8F-FE0C600C5CA6}"
EndProject
Global
	GlobalSection(SolutionConfigurationPlatforms) = preSolution
		Debug|Any CPU = Debug|Any CPU
		Release|Any CPU = Release|Any CPU
	EndGlobalSection
	GlobalSection(ProjectConfigurationPlatforms) = postSolution
		{DCE2E35A-1EB6-4B8E-8A2F-DE0BF05D4CDE}.Debug|Any CPU.ActiveCfg = Debug|Any CPU
		{DCE2E35A-1EB6-4B8E-8A2F-DE0BF05D4CDE}.Debug|Any CPU.Build.0 = Debug|Any CPU
		{DCE2E35A-1EB6-4B8E-8A2F-DE0BF05D4CDE}.Release|Any CPU.ActiveCfg = Release|Any CPU
		{DCE2E35A-1EB6-4B8E-8A2F-DE0BF05D4CDE}.Release|Any CPU.Build.0 = Release|Any CPU
		{B2BF10AF-C7BC-45C0-B5BE-E6320C3A788E}.Debug|Any CPU.ActiveCfg = Debug|Any CPU
		{B2BF10AF-C7BC-45C0-B5BE-E6320C3A788E}.Debug|Any CPU.Build.0 = Debug|Any CPU
		{B2BF10AF-C7BC-45C0-B5BE-E6320C3A788E}.Release|Any CPU.ActiveCfg = Release|Any CPU
		{B2BF10AF-C7BC-45C0-B5BE-E6320C3A788E}.Release|Any CPU.Build.0 = Release|Any CPU
		{3036E067-4A60-450C-BD95-4D28AF88EEAA}.Debug|Any CPU.ActiveCfg = Debug|Any CPU
		{3036E067-4A60-450C-BD95-4D28AF88EEAA}.Debug|Any CPU.Build.0 = Debug|Any CPU
		{3036E067-4A60-450C-BD95-4D28AF88EEAA}.Release|Any CPU.ActiveCfg = Release|Any CPU
		{3036E067-4A60-450C-BD95-4D28AF88EEAA}.Release|Any CPU.Build.0 = Release|Any CPU
		{A6291CD8-F96F-45F4-A233-7EB7E5637A8E}.Debug|Any CPU.ActiveCfg = Debug|Any CPU
		{A6291CD8-F96F-45F4-A233-7EB7E5637A8E}.Debug|Any CPU.Build.0 = Debug|Any CPU
		{A6291CD8-F96F-45F4-A233-7EB7E5637A8E}.Release|Any CPU.ActiveCfg = Release|Any CPU
		{A6291CD8-F96F-45F4-A233-7EB7E5637A8E}.Release|Any CPU.Build.0 = Release|Any CPU
		{7AE7800F-5132-4D82-A9CC-BF7CD1AC850D}.Debug|Any CPU.ActiveCfg = Debug|Any CPU
		{7AE7800F-5132-4D82-A9CC-BF7CD1AC850D}.Debug|Any CPU.Build.0 = Debug|Any CPU
		{7AE7800F-5132-4D82-A9CC-BF7CD1AC850D}.Release|Any CPU.ActiveCfg = Release|Any CPU
		{7AE7800F-5132-4D82-A9CC-BF7CD1AC850D}.Release|Any CPU.Build.0 = Release|Any CPU
		{1BD3AC3A-CEF2-4AEF-8A01-19C60410F861}.Debug|Any CPU.ActiveCfg = Debug|Any CPU
		{1BD3AC3A-CEF2-4AEF-8A01-19C60410F861}.Debug|Any CPU.Build.0 = Debug|Any CPU
		{1BD3AC3A-CEF2-4AEF-8A01-19C60410F861}.Release|Any CPU.ActiveCfg = Release|Any CPU
		{1BD3AC3A-CEF2-4AEF-8A01-19C60410F861}.Release|Any CPU.Build.0 = Release|Any CPU
		{CEFA125F-39A4-433C-AAED-36B61F7944A7}.Debug|Any CPU.ActiveCfg = Debug|Any CPU
		{CEFA125F-39A4-433C-AAED-36B61F7944A7}.Debug|Any CPU.Build.0 = Debug|Any CPU
		{CEFA125F-39A4-433C-AAED-36B61F7944A7}.Release|Any CPU.ActiveCfg = Release|Any CPU
		{CEFA125F-39A4-433C-AAED-36B61F7944A7}.Release|Any CPU.Build.0 = Release|Any CPU
		{6D530E88-E507-4F83-889C-47FB888021BA}.Debug|Any CPU.ActiveCfg = Debug|Any CPU
		{6D530E88-E507-4F83-889C-47FB888021BA}.Debug|Any CPU.Build.0 = Debug|Any CPU
		{6D530E88-E507-4F83-889C-47FB888021BA}.Release|Any CPU.ActiveCfg = Release|Any CPU
		{6D530E88-E507-4F83-889C-47FB888021BA}.Release|Any CPU.Build.0 = Release|Any CPU
		{F1CA45C1-683F-4820-BC1E-A3B6E703C986}.Debug|Any CPU.ActiveCfg = Debug|Any CPU
		{F1CA45C1-683F-4820-BC1E-A3B6E703C986}.Debug|Any CPU.Build.0 = Debug|Any CPU
		{F1CA45C1-683F-4820-BC1E-A3B6E703C986}.Release|Any CPU.ActiveCfg = Release|Any CPU
		{F1CA45C1-683F-4820-BC1E-A3B6E703C986}.Release|Any CPU.Build.0 = Release|Any CPU
		{102EC2AC-A2CA-44C0-8812-15CC9C6CFFF0}.Debug|Any CPU.ActiveCfg = Debug|Any CPU
		{102EC2AC-A2CA-44C0-8812-15CC9C6CFFF0}.Debug|Any CPU.Build.0 = Debug|Any CPU
		{102EC2AC-A2CA-44C0-8812-15CC9C6CFFF0}.Release|Any CPU.ActiveCfg = Release|Any CPU
		{102EC2AC-A2CA-44C0-8812-15CC9C6CFFF0}.Release|Any CPU.Build.0 = Release|Any CPU
		{E7E2CDFE-EE20-4A15-95A3-B632A7ECD3F8}.Debug|Any CPU.ActiveCfg = Debug|Any CPU
		{E7E2CDFE-EE20-4A15-95A3-B632A7ECD3F8}.Debug|Any CPU.Build.0 = Debug|Any CPU
		{E7E2CDFE-EE20-4A15-95A3-B632A7ECD3F8}.Release|Any CPU.ActiveCfg = Release|Any CPU
		{E7E2CDFE-EE20-4A15-95A3-B632A7ECD3F8}.Release|Any CPU.Build.0 = Release|Any CPU
		{F150D97E-33BB-43C8-8A1D-4FA279E0751C}.Debug|Any CPU.ActiveCfg = Debug|Any CPU
		{F150D97E-33BB-43C8-8A1D-4FA279E0751C}.Debug|Any CPU.Build.0 = Debug|Any CPU
		{F150D97E-33BB-43C8-8A1D-4FA279E0751C}.Release|Any CPU.ActiveCfg = Release|Any CPU
		{F150D97E-33BB-43C8-8A1D-4FA279E0751C}.Release|Any CPU.Build.0 = Release|Any CPU
		{84268336-B88E-4DBA-8CE0-7BA24BFCCA58}.Debug|Any CPU.ActiveCfg = Debug|Any CPU
		{84268336-B88E-4DBA-8CE0-7BA24BFCCA58}.Debug|Any CPU.Build.0 = Debug|Any CPU
		{84268336-B88E-4DBA-8CE0-7BA24BFCCA58}.Release|Any CPU.ActiveCfg = Release|Any CPU
		{84268336-B88E-4DBA-8CE0-7BA24BFCCA58}.Release|Any CPU.Build.0 = Release|Any CPU
		{EFC33B0A-7AB9-4D5B-AB8F-FE0C600C5CA6}.Debug|Any CPU.ActiveCfg = Debug|Any CPU
		{EFC33B0A-7AB9-4D5B-AB8F-FE0C600C5CA6}.Debug|Any CPU.Build.0 = Debug|Any CPU
		{EFC33B0A-7AB9-4D5B-AB8F-FE0C600C5CA6}.Release|Any CPU.ActiveCfg = Release|Any CPU
		{EFC33B0A-7AB9-4D5B-AB8F-FE0C600C5CA6}.Release|Any CPU.Build.0 = Release|Any CPU
	EndGlobalSection
	GlobalSection(SolutionProperties) = preSolution
		HideSolutionNode = FALSE
	EndGlobalSection
	GlobalSection(NestedProjects) = preSolution
		{DCE2E35A-1EB6-4B8E-8A2F-DE0BF05D4CDE} = {461AC7D4-6FE4-4DEB-976E-7B0CF8F862E7}
		{B2BF10AF-C7BC-45C0-B5BE-E6320C3A788E} = {3FFBF0C3-A7A8-4246-9B21-AE9581E8C17E}
		{3036E067-4A60-450C-BD95-4D28AF88EEAA} = {3FFBF0C3-A7A8-4246-9B21-AE9581E8C17E}
		{A6291CD8-F96F-45F4-A233-7EB7E5637A8E} = {3FFBF0C3-A7A8-4246-9B21-AE9581E8C17E}
		{7AE7800F-5132-4D82-A9CC-BF7CD1AC850D} = {D7881A58-FA47-4F77-B8ED-C1922261375A}
		{1BD3AC3A-CEF2-4AEF-8A01-19C60410F861} = {3FFBF0C3-A7A8-4246-9B21-AE9581E8C17E}
		{CEFA125F-39A4-433C-AAED-36B61F7944A7} = {D7881A58-FA47-4F77-B8ED-C1922261375A}
		{6D530E88-E507-4F83-889C-47FB888021BA} = {D7881A58-FA47-4F77-B8ED-C1922261375A}
		{F1CA45C1-683F-4820-BC1E-A3B6E703C986} = {3FFBF0C3-A7A8-4246-9B21-AE9581E8C17E}
		{102EC2AC-A2CA-44C0-8812-15CC9C6CFFF0} = {3FFBF0C3-A7A8-4246-9B21-AE9581E8C17E}
		{E7E2CDFE-EE20-4A15-95A3-B632A7ECD3F8} = {3FFBF0C3-A7A8-4246-9B21-AE9581E8C17E}
		{F150D97E-33BB-43C8-8A1D-4FA279E0751C} = {D7881A58-FA47-4F77-B8ED-C1922261375A}
		{84268336-B88E-4DBA-8CE0-7BA24BFCCA58} = {3FFBF0C3-A7A8-4246-9B21-AE9581E8C17E}
		{EFC33B0A-7AB9-4D5B-AB8F-FE0C600C5CA6} = {3FFBF0C3-A7A8-4246-9B21-AE9581E8C17E}
	EndGlobalSection
	GlobalSection(ExtensibilityGlobals) = postSolution
		SolutionGuid = {2A91906B-FC15-4030-9A67-D5E8286EBC4F}
	EndGlobalSection
EndGlobal
