
Microsoft Visual Studio Solution File, Format Version 12.00
# Visual Studio 15
VisualStudioVersion = 15.0.28307.102
MinimumVisualStudioVersion = 10.0.40219.1
Project("{2150E333-8FDC-42A3-9474-1A3956D46DE8}") = "Sources", "Sources", "{461AC7D4-6FE4-4DEB-976E-7B0CF8F862E7}"
EndProject
Project("{9A19103F-16F7-4668-BE54-9A1E7A4F7556}") = "Towel", "Sources\Towel\Towel.csproj", "{DCE2E35A-1EB6-4B8E-8A2F-DE0BF05D4CDE}"
EndProject
Global
	GlobalSection(SolutionConfigurationPlatforms) = preSolution
		Debug|Any CPU = Debug|Any CPU
		Release|Any CPU = Release|Any CPU
	EndGlobalSection
	GlobalSection(ProjectConfigurationPlatforms) = postSolution
		{DCE2E35A-1EB6-4B8E-8A2F-DE0BF05D4CDE}.Debug|Any CPU.ActiveCfg = Debug|Any CPU
		{DCE2E35A-1EB6-4B8E-8A2F-DE0BF05D4CDE}.Debug|Any CPU.Build.0 = Debug|Any CPU
		{DCE2E35A-1EB6-4B8E-8A2F-DE0BF05D4CDE}.Release|Any CPU.ActiveCfg = Release|Any CPU
		{DCE2E35A-1EB6-4B8E-8A2F-DE0BF05D4CDE}.Release|Any CPU.Build.0 = Release|Any CPU
	EndGlobalSection
	GlobalSection(SolutionProperties) = preSolution
		HideSolutionNode = FALSE
	EndGlobalSection
	GlobalSection(NestedProjects) = preSolution
		{DCE2E35A-1EB6-4B8E-8A2F-DE0BF05D4CDE} = {461AC7D4-6FE4-4DEB-976E-7B0CF8F862E7}
	EndGlobalSection
	GlobalSection(ExtensibilityGlobals) = postSolution
		SolutionGuid = {2A91906B-FC15-4030-9A67-D5E8286EBC4F}
	EndGlobalSection
EndGlobal
